
Microsoft Visual Studio Solution File, Format Version 12.00
# Visual Studio Version 16
VisualStudioVersion = 16.0.31605.320
MinimumVisualStudioVersion = 10.0.40219.1
Project("{8BC9CEB8-8B4A-11D0-8D11-00A0C91BC942}") = "StapelDemo", "StapelDemo\StapelDemo.vcxproj", "{E1D4F21C-4599-45D0-9109-0EDD5C9AD1F2}"
EndProject
Global
	GlobalSection(SolutionConfigurationPlatforms) = preSolution
		Debug|x64 = Debug|x64
		Debug|x86 = Debug|x86
		Release|x64 = Release|x64
		Release|x86 = Release|x86
	EndGlobalSection
	GlobalSection(ProjectConfigurationPlatforms) = postSolution
		{E1D4F21C-4599-45D0-9109-0EDD5C9AD1F2}.Debug|x64.ActiveCfg = Debug|x64
		{E1D4F21C-4599-45D0-9109-0EDD5C9AD1F2}.Debug|x64.Build.0 = Debug|x64
		{E1D4F21C-4599-45D0-9109-0EDD5C9AD1F2}.Debug|x86.ActiveCfg = Debug|Win32
		{E1D4F21C-4599-45D0-9109-0EDD5C9AD1F2}.Debug|x86.Build.0 = Debug|Win32
		{E1D4F21C-4599-45D0-9109-0EDD5C9AD1F2}.Release|x64.ActiveCfg = Release|x64
		{E1D4F21C-4599-45D0-9109-0EDD5C9AD1F2}.Release|x64.Build.0 = Release|x64
		{E1D4F21C-4599-45D0-9109-0EDD5C9AD1F2}.Release|x86.ActiveCfg = Release|Win32
		{E1D4F21C-4599-45D0-9109-0EDD5C9AD1F2}.Release|x86.Build.0 = Release|Win32
	EndGlobalSection
	GlobalSection(SolutionProperties) = preSolution
		HideSolutionNode = FALSE
	EndGlobalSection
	GlobalSection(ExtensibilityGlobals) = postSolution
		SolutionGuid = {37B0355F-85B7-4607-BE25-787B78BBAC74}
	EndGlobalSection
EndGlobal
